
Microsoft Visual Studio Solution File, Format Version 12.00
# Visual Studio Version 16
VisualStudioVersion = 16.0.29728.190
MinimumVisualStudioVersion = 10.0.40219.1
Project("{FAE04EC0-301F-11D3-BF4B-00C04F79EFBC}") = "IssueTracker", "IssueTracker\IssueTracker.csproj", "{A3258FDF-0E71-4330-84DB-D53885CEAF35}"
EndProject
Project("{FAE04EC0-301F-11D3-BF4B-00C04F79EFBC}") = "DataAccessLayer", "DataAccessLayer\DataAccessLayer.csproj", "{A6B29AAE-D979-4F8B-A7E3-D46FC53048BB}"
EndProject
Global
	GlobalSection(SolutionConfigurationPlatforms) = preSolution
		Debug|Any CPU = Debug|Any CPU
		Release|Any CPU = Release|Any CPU
	EndGlobalSection
	GlobalSection(ProjectConfigurationPlatforms) = postSolution
		{A3258FDF-0E71-4330-84DB-D53885CEAF35}.Debug|Any CPU.ActiveCfg = Debug|Any CPU
		{A3258FDF-0E71-4330-84DB-D53885CEAF35}.Debug|Any CPU.Build.0 = Debug|Any CPU
		{A3258FDF-0E71-4330-84DB-D53885CEAF35}.Release|Any CPU.ActiveCfg = Release|Any CPU
		{A3258FDF-0E71-4330-84DB-D53885CEAF35}.Release|Any CPU.Build.0 = Release|Any CPU
		{A6B29AAE-D979-4F8B-A7E3-D46FC53048BB}.Debug|Any CPU.ActiveCfg = Debug|Any CPU
		{A6B29AAE-D979-4F8B-A7E3-D46FC53048BB}.Debug|Any CPU.Build.0 = Debug|Any CPU
		{A6B29AAE-D979-4F8B-A7E3-D46FC53048BB}.Release|Any CPU.ActiveCfg = Release|Any CPU
		{A6B29AAE-D979-4F8B-A7E3-D46FC53048BB}.Release|Any CPU.Build.0 = Release|Any CPU
	EndGlobalSection
	GlobalSection(SolutionProperties) = preSolution
		HideSolutionNode = FALSE
	EndGlobalSection
	GlobalSection(ExtensibilityGlobals) = postSolution
		SolutionGuid = {58807D5B-B763-49A7-8AB9-EACC32FA4FDD}
	EndGlobalSection
EndGlobal
